schema: '2.0'
stages:
  prepare:
    cmd: python src/data/make_dataset.py
    deps:
    - path: data/raw
      hash: md5
      md5: 90c3e04bb8fa1558eb70f9096b5b6010.dir
      size: 31082914
      nfiles: 4
    - path: src/data/make_dataset.py
      hash: md5
      md5: fb0c9baa6a55e60c753b243a2c634fc1
      size: 8707
    outs:
    - path: data/preprocessed
      hash: md5
      md5: 2d8c117fcba3fa8d63f739d0ea870be4.dir
      size: 5983774
      nfiles: 4
  train:
    cmd: python src/models/train_model.py
    deps:
    - path: data/preprocessed
      hash: md5
      md5: 2d8c117fcba3fa8d63f739d0ea870be4.dir
      size: 5983774
      nfiles: 4
    - path: src/models/train_model.py
      hash: md5
      md5: 40bb0b2bdee5fd785d925bbd00d1f6aa
      size: 730
    outs:
    - path: models/trained_model.joblib
      hash: md5
      md5: 008beb14c293a0c3af82803bff35dbd7
      size: 240388833
  evaluation:
    cmd: python src/models/evaluate_model.py
    deps:
    - path: models/trained_model.joblib
      hash: md5
      md5: 008beb14c293a0c3af82803bff35dbd7
      size: 240388833
    - path: src/models/evaluate_model.py
      hash: md5
      md5: 65d1f5754404f287ba753d7a6e2d59af
      size: 831
    outs:
    - path: metrics/accuracy.json
      hash: md5
      md5: 7535c973033a28cf51d55cf660aaf0e8
      size: 32
